
Microsoft Visual Studio Solution File, Format Version 12.00
# Visual Studio Version 16
VisualStudioVersion = 16.0.31727.386
MinimumVisualStudioVersion = 10.0.40219.1
Project("{8BC9CEB8-8B4A-11D0-8D11-00A0C91BC942}") = "BTVN", "BTVN\BTVN.vcxproj", "{EA044D6B-318D-4755-A3D5-DA821C4FF57B}"
EndProject
Project("{8BC9CEB8-8B4A-11D0-8D11-00A0C91BC942}") = "BTVN-1", "BTVN-1\BTVN-1.vcxproj", "{F3ED903D-FAE1-4683-AA69-5517170F0C12}"
EndProject
Project("{8BC9CEB8-8B4A-11D0-8D11-00A0C91BC942}") = "BTVN-2", "BTVN-2\BTVN-2.vcxproj", "{416E7044-8EED-4FCD-9A46-876CAB0CC9BA}"
EndProject
Project("{8BC9CEB8-8B4A-11D0-8D11-00A0C91BC942}") = "BTVN-3", "BTVN-3\BTVN-3.vcxproj", "{B1BA9E51-E853-439B-9D86-63C57FB44BF5}"
EndProject
Project("{8BC9CEB8-8B4A-11D0-8D11-00A0C91BC942}") = "BTVN-5", "BTVN-5\BTVN-5.vcxproj", "{106C3C40-71DE-423E-A64B-B9019DDBD38C}"
EndProject
Project("{8BC9CEB8-8B4A-11D0-8D11-00A0C91BC942}") = "BTVN-6", "BTVN-6\BTVN-6.vcxproj", "{420C5BAA-6085-4BF0-A806-1BC2D6ABE157}"
EndProject
Global
	GlobalSection(SolutionConfigurationPlatforms) = preSolution
		Debug|x64 = Debug|x64
		Debug|x86 = Debug|x86
		Release|x64 = Release|x64
		Release|x86 = Release|x86
	EndGlobalSection
	GlobalSection(ProjectConfigurationPlatforms) = postSolution
		{EA044D6B-318D-4755-A3D5-DA821C4FF57B}.Debug|x64.ActiveCfg = Debug|x64
		{EA044D6B-318D-4755-A3D5-DA821C4FF57B}.Debug|x64.Build.0 = Debug|x64
		{EA044D6B-318D-4755-A3D5-DA821C4FF57B}.Debug|x86.ActiveCfg = Debug|Win32
		{EA044D6B-318D-4755-A3D5-DA821C4FF57B}.Debug|x86.Build.0 = Debug|Win32
		{EA044D6B-318D-4755-A3D5-DA821C4FF57B}.Release|x64.ActiveCfg = Release|x64
		{EA044D6B-318D-4755-A3D5-DA821C4FF57B}.Release|x64.Build.0 = Release|x64
		{EA044D6B-318D-4755-A3D5-DA821C4FF57B}.Release|x86.ActiveCfg = Release|Win32
		{EA044D6B-318D-4755-A3D5-DA821C4FF57B}.Release|x86.Build.0 = Release|Win32
		{F3ED903D-FAE1-4683-AA69-5517170F0C12}.Debug|x64.ActiveCfg = Debug|x64
		{F3ED903D-FAE1-4683-AA69-5517170F0C12}.Debug|x64.Build.0 = Debug|x64
		{F3ED903D-FAE1-4683-AA69-5517170F0C12}.Debug|x86.ActiveCfg = Debug|Win32
		{F3ED903D-FAE1-4683-AA69-5517170F0C12}.Debug|x86.Build.0 = Debug|Win32
		{F3ED903D-FAE1-4683-AA69-5517170F0C12}.Release|x64.ActiveCfg = Release|x64
		{F3ED903D-FAE1-4683-AA69-5517170F0C12}.Release|x64.Build.0 = Release|x64
		{F3ED903D-FAE1-4683-AA69-5517170F0C12}.Release|x86.ActiveCfg = Release|Win32
		{F3ED903D-FAE1-4683-AA69-5517170F0C12}.Release|x86.Build.0 = Release|Win32
		{416E7044-8EED-4FCD-9A46-876CAB0CC9BA}.Debug|x64.ActiveCfg = Debug|x64
		{416E7044-8EED-4FCD-9A46-876CAB0CC9BA}.Debug|x64.Build.0 = Debug|x64
		{416E7044-8EED-4FCD-9A46-876CAB0CC9BA}.Debug|x86.ActiveCfg = Debug|Win32
		{416E7044-8EED-4FCD-9A46-876CAB0CC9BA}.Debug|x86.Build.0 = Debug|Win32
		{416E7044-8EED-4FCD-9A46-876CAB0CC9BA}.Release|x64.ActiveCfg = Release|x64
		{416E7044-8EED-4FCD-9A46-876CAB0CC9BA}.Release|x64.Build.0 = Release|x64
		{416E7044-8EED-4FCD-9A46-876CAB0CC9BA}.Release|x86.ActiveCfg = Release|Win32
		{416E7044-8EED-4FCD-9A46-876CAB0CC9BA}.Release|x86.Build.0 = Release|Win32
		{B1BA9E51-E853-439B-9D86-63C57FB44BF5}.Debug|x64.ActiveCfg = Debug|x64
		{B1BA9E51-E853-439B-9D86-63C57FB44BF5}.Debug|x64.Build.0 = Debug|x64
		{B1BA9E51-E853-439B-9D86-63C57FB44BF5}.Debug|x86.ActiveCfg = Debug|Win32
		{B1BA9E51-E853-439B-9D86-63C57FB44BF5}.Debug|x86.Build.0 = Debug|Win32
		{B1BA9E51-E853-439B-9D86-63C57FB44BF5}.Release|x64.ActiveCfg = Release|x64
		{B1BA9E51-E853-439B-9D86-63C57FB44BF5}.Release|x64.Build.0 = Release|x64
		{B1BA9E51-E853-439B-9D86-63C57FB44BF5}.Release|x86.ActiveCfg = Release|Win32
		{B1BA9E51-E853-439B-9D86-63C57FB44BF5}.Release|x86.Build.0 = Release|Win32
		{106C3C40-71DE-423E-A64B-B9019DDBD38C}.Debug|x64.ActiveCfg = Debug|x64
		{106C3C40-71DE-423E-A64B-B9019DDBD38C}.Debug|x64.Build.0 = Debug|x64
		{106C3C40-71DE-423E-A64B-B9019DDBD38C}.Debug|x86.ActiveCfg = Debug|Win32
		{106C3C40-71DE-423E-A64B-B9019DDBD38C}.Debug|x86.Build.0 = Debug|Win32
		{106C3C40-71DE-423E-A64B-B9019DDBD38C}.Release|x64.ActiveCfg = Release|x64
		{106C3C40-71DE-423E-A64B-B9019DDBD38C}.Release|x64.Build.0 = Release|x64
		{106C3C40-71DE-423E-A64B-B9019DDBD38C}.Release|x86.ActiveCfg = Release|Win32
		{106C3C40-71DE-423E-A64B-B9019DDBD38C}.Release|x86.Build.0 = Release|Win32
		{420C5BAA-6085-4BF0-A806-1BC2D6ABE157}.Debug|x64.ActiveCfg = Debug|x64
		{420C5BAA-6085-4BF0-A806-1BC2D6ABE157}.Debug|x64.Build.0 = Debug|x64
		{420C5BAA-6085-4BF0-A806-1BC2D6ABE157}.Debug|x86.ActiveCfg = Debug|Win32
		{420C5BAA-6085-4BF0-A806-1BC2D6ABE157}.Debug|x86.Build.0 = Debug|Win32
		{420C5BAA-6085-4BF0-A806-1BC2D6ABE157}.Release|x64.ActiveCfg = Release|x64
		{420C5BAA-6085-4BF0-A806-1BC2D6ABE157}.Release|x64.Build.0 = Release|x64
		{420C5BAA-6085-4BF0-A806-1BC2D6ABE157}.Release|x86.ActiveCfg = Release|Win32
		{420C5BAA-6085-4BF0-A806-1BC2D6ABE157}.Release|x86.Build.0 = Release|Win32
	EndGlobalSection
	GlobalSection(SolutionProperties) = preSolution
		HideSolutionNode = FALSE
	EndGlobalSection
	GlobalSection(ExtensibilityGlobals) = postSolution
		SolutionGuid = {4F4375FF-8E97-4F14-8A5C-23B2E9ABA93D}
	EndGlobalSection
EndGlobal
